
Microsoft Visual Studio Solution File, Format Version 12.00
# Visual Studio Version 16
VisualStudioVersion = 16.0.29613.14
MinimumVisualStudioVersion = 10.0.40219.1
Project("{9A19103F-16F7-4668-BE54-9A1E7A4F7556}") = "Dare.AdminApi", "Dare.AdminApi\Dare.AdminApi.csproj", "{D292468C-E992-4AC2-9504-320591468FB3}"
EndProject
Project("{9A19103F-16F7-4668-BE54-9A1E7A4F7556}") = "Dare.Repository", "Dare.Repository\Dare.Repository.csproj", "{875DC0D2-512D-4814-A21F-0B76E40D3747}"
EndProject
Project("{9A19103F-16F7-4668-BE54-9A1E7A4F7556}") = "Dare.IRepository", "Dare.IRepository\Dare.IRepository.csproj", "{35F29EF8-3982-4C5B-B642-13FB94ED558A}"
EndProject
Project("{9A19103F-16F7-4668-BE54-9A1E7A4F7556}") = "Dare.Model", "Dare.Model\Dare.Model.csproj", "{906CC721-260F-411D-B6CB-A48F3A29B320}"
EndProject
Project("{9A19103F-16F7-4668-BE54-9A1E7A4F7556}") = "Dare.IModel", "Dare.IModel\Dare.IModel.csproj", "{EDEA604E-79BE-4D34-A608-FB0241C488F2}"
EndProject
Project("{9A19103F-16F7-4668-BE54-9A1E7A4F7556}") = "Dare.Maintenance", "Dare.Maintenance\Dare.Maintenance.csproj", "{BCFD6759-E70A-4345-B440-45299594D79C}"
EndProject
Project("{00D1A9C2-B5F0-4AF3-8072-F6C62B433612}") = "Dare.Database", "Dare.Database\Dare.Database.sqlproj", "{CEF39078-D52B-403F-84BA-980D5B0696DD}"
EndProject
Global
	GlobalSection(SolutionConfigurationPlatforms) = preSolution
		Debug|Any CPU = Debug|Any CPU
		Release|Any CPU = Release|Any CPU
	EndGlobalSection
	GlobalSection(ProjectConfigurationPlatforms) = postSolution
		{D292468C-E992-4AC2-9504-320591468FB3}.Debug|Any CPU.ActiveCfg = Debug|Any CPU
		{D292468C-E992-4AC2-9504-320591468FB3}.Debug|Any CPU.Build.0 = Debug|Any CPU
		{D292468C-E992-4AC2-9504-320591468FB3}.Release|Any CPU.ActiveCfg = Release|Any CPU
		{D292468C-E992-4AC2-9504-320591468FB3}.Release|Any CPU.Build.0 = Release|Any CPU
		{875DC0D2-512D-4814-A21F-0B76E40D3747}.Debug|Any CPU.ActiveCfg = Debug|Any CPU
		{875DC0D2-512D-4814-A21F-0B76E40D3747}.Debug|Any CPU.Build.0 = Debug|Any CPU
		{875DC0D2-512D-4814-A21F-0B76E40D3747}.Release|Any CPU.ActiveCfg = Release|Any CPU
		{875DC0D2-512D-4814-A21F-0B76E40D3747}.Release|Any CPU.Build.0 = Release|Any CPU
		{35F29EF8-3982-4C5B-B642-13FB94ED558A}.Debug|Any CPU.ActiveCfg = Debug|Any CPU
		{35F29EF8-3982-4C5B-B642-13FB94ED558A}.Debug|Any CPU.Build.0 = Debug|Any CPU
		{35F29EF8-3982-4C5B-B642-13FB94ED558A}.Release|Any CPU.ActiveCfg = Release|Any CPU
		{35F29EF8-3982-4C5B-B642-13FB94ED558A}.Release|Any CPU.Build.0 = Release|Any CPU
		{906CC721-260F-411D-B6CB-A48F3A29B320}.Debug|Any CPU.ActiveCfg = Debug|Any CPU
		{906CC721-260F-411D-B6CB-A48F3A29B320}.Debug|Any CPU.Build.0 = Debug|Any CPU
		{906CC721-260F-411D-B6CB-A48F3A29B320}.Release|Any CPU.ActiveCfg = Release|Any CPU
		{906CC721-260F-411D-B6CB-A48F3A29B320}.Release|Any CPU.Build.0 = Release|Any CPU
		{EDEA604E-79BE-4D34-A608-FB0241C488F2}.Debug|Any CPU.ActiveCfg = Debug|Any CPU
		{EDEA604E-79BE-4D34-A608-FB0241C488F2}.Debug|Any CPU.Build.0 = Debug|Any CPU
		{EDEA604E-79BE-4D34-A608-FB0241C488F2}.Release|Any CPU.ActiveCfg = Release|Any CPU
		{EDEA604E-79BE-4D34-A608-FB0241C488F2}.Release|Any CPU.Build.0 = Release|Any CPU
		{BCFD6759-E70A-4345-B440-45299594D79C}.Debug|Any CPU.ActiveCfg = Debug|Any CPU
		{BCFD6759-E70A-4345-B440-45299594D79C}.Debug|Any CPU.Build.0 = Debug|Any CPU
		{BCFD6759-E70A-4345-B440-45299594D79C}.Release|Any CPU.ActiveCfg = Release|Any CPU
		{BCFD6759-E70A-4345-B440-45299594D79C}.Release|Any CPU.Build.0 = Release|Any CPU
		{CEF39078-D52B-403F-84BA-980D5B0696DD}.Debug|Any CPU.ActiveCfg = Debug|Any CPU
		{CEF39078-D52B-403F-84BA-980D5B0696DD}.Debug|Any CPU.Build.0 = Debug|Any CPU
		{CEF39078-D52B-403F-84BA-980D5B0696DD}.Debug|Any CPU.Deploy.0 = Debug|Any CPU
		{CEF39078-D52B-403F-84BA-980D5B0696DD}.Release|Any CPU.ActiveCfg = Release|Any CPU
		{CEF39078-D52B-403F-84BA-980D5B0696DD}.Release|Any CPU.Build.0 = Release|Any CPU
		{CEF39078-D52B-403F-84BA-980D5B0696DD}.Release|Any CPU.Deploy.0 = Release|Any CPU
	EndGlobalSection
	GlobalSection(SolutionProperties) = preSolution
		HideSolutionNode = FALSE
	EndGlobalSection
	GlobalSection(ExtensibilityGlobals) = postSolution
		SolutionGuid = {26DF3AD6-7568-4B50-9B2C-2F4440485C7F}
	EndGlobalSection
EndGlobal
